Microsoft Visual Studio Solution File, Format Version 12.00
# Visual Studio Version 17
VisualStudioVersion = 17.5.2.0
MinimumVisualStudioVersion = 10.0.40219.1
Project("{FAE04EC0-301F-11D3-BF4B-00C04F79EFBC}") = "BackendAwSmartstay.API", "BackendAwSmartstay.API.csproj", "{962A0768-2FF9-7B8B-CDF0-32447048F259}"
EndProject
Global
	GlobalSection(SolutionConfigurationPlatforms) = preSolution
		Debug|Any CPU = Debug|Any CPU
		Release|Any CPU = Release|Any CPU
	EndGlobalSection
	GlobalSection(ProjectConfigurationPlatforms) = postSolution
		{962A0768-2FF9-7B8B-CDF0-32447048F259}.Debug|Any CPU.ActiveCfg = Debug|Any CPU
		{962A0768-2FF9-7B8B-CDF0-32447048F259}.Debug|Any CPU.Build.0 = Debug|Any CPU
		{962A0768-2FF9-7B8B-CDF0-32447048F259}.Release|Any CPU.ActiveCfg = Release|Any CPU
		{962A0768-2FF9-7B8B-CDF0-32447048F259}.Release|Any CPU.Build.0 = Release|Any CPU
	EndGlobalSection
	GlobalSection(SolutionProperties) = preSolution
		HideSolutionNode = FALSE
	EndGlobalSection
	GlobalSection(ExtensibilityGlobals) = postSolution
		SolutionGuid = {CE2B4D02-CA8B-4D70-B271-22ED2C853F02}
	EndGlobalSection
EndGlobal
